
Microsoft Visual Studio Solution File, Format Version 12.00
# Visual Studio 15
VisualStudioVersion = 15.0.28307.1300
MinimumVisualStudioVersion = 10.0.40219.1
Project("{FAE04EC0-301F-11D3-BF4B-00C04F79EFBC}") = "PasswordBox", "PasswordBox\PasswordBox.csproj", "{B0CAA7C6-A299-403B-958A-CFC71F8F4671}"
EndProject
Global
	GlobalSection(SolutionConfigurationPlatforms) = preSolution
		Debug|Any CPU = Debug|Any CPU
		Release|Any CPU = Release|Any CPU
	EndGlobalSection
	GlobalSection(ProjectConfigurationPlatforms) = postSolution
		{B0CAA7C6-A299-403B-958A-CFC71F8F4671}.Debug|Any CPU.ActiveCfg = Debug|Any CPU
		{B0CAA7C6-A299-403B-958A-CFC71F8F4671}.Debug|Any CPU.Build.0 = Debug|Any CPU
		{B0CAA7C6-A299-403B-958A-CFC71F8F4671}.Release|Any CPU.ActiveCfg = Release|Any CPU
		{B0CAA7C6-A299-403B-958A-CFC71F8F4671}.Release|Any CPU.Build.0 = Release|Any CPU
	EndGlobalSection
	GlobalSection(SolutionProperties) = preSolution
		HideSolutionNode = FALSE
	EndGlobalSection
	GlobalSection(ExtensibilityGlobals) = postSolution
		SolutionGuid = {7341E3DD-8051-4A7A-BA4D-39CDE751DB8D}
	EndGlobalSection
EndGlobal
